<?xml version="1.0" encoding="utf-8"?>
<Project ToolsVersion="4.0" xmlns="http://schemas.microsoft.com/developer/msbuild/2003">
  <ItemGroup>
    <Filter Include="Source Files">
      <UniqueIdentifier>{4FC737F1-C7A5-4376-A066-2A32D752A2FF}</UniqueIdentifier>
      <Extensions>cpp;c;cc;cxx;c++;cppm;ixx;def;odl;idl;hpj;bat;asm;asmx</Extensions>
    </Filter>
    <Filter Include="Header Files">
      <UniqueIdentifier>{93995380-89BD-4b04-88EB-625FBE52EBFB}</UniqueIdentifier>
      <Extensions>h;hh;hpp;hxx;h++;hm;inl;inc;ipp;xsd</Extensions>
    </Filter>
    <Filter Include="Resource Files">
      <UniqueIdentifier>{67DA6AB6-F800-4c08-8B7A-83BB121AAD01}</UniqueIdentifier>
      <Extensions>rc;ico;cur;bmp;dlg;rc2;rct;bin;rgs;gif;jpg;jpeg;jpe;resx;tiff;tif;png;wav;mfcribbon-ms</Extensions>
    </Filter>
    <Filter Include="Header Files\Engine">
      <UniqueIdentifier>{3da4bf9a-38ba-4fcb-b0ea-d5c3c06949ef}</UniqueIdentifier>
    </Filter>
    <Filter Include="Header Files\FileIO">
      <UniqueIdentifier>{a6283f9b-5bbe-42d7-ad81-8cb80e8cb3af}</UniqueIdentifier>
    </Filter>
    <Filter Include="Header Files\GameObjects">
      <UniqueIdentifier>{e0413abd-32db-4c3d-be79-8d4bedba0be7}</UniqueIdentifier>
    </Filter>
    <Filter Include="Header Files\Screens">
      <UniqueIdentifier>{9f80bd85-4ec3-4b9f-b566-e6fb8f05087f}</UniqueIdentifier>
    </Filter>
    <Filter Include="Header Files\Screens\Game">
      <UniqueIdentifier>{c6b0f0f5-00f2-4eba-9eb5-d9ec64f9dc41}</UniqueIdentifier>
    </Filter>
    <Filter Include="Header Files\Screens\Select">
      <UniqueIdentifier>{6e48cc04-9013-4a24-8d27-2ab98b12d4be}</UniqueIdentifier>
    </Filter>
    <Filter Include="Source Files\Engine">
      <UniqueIdentifier>{ca9bd41f-3891-4038-a145-8a464855637d}</UniqueIdentifier>
    </Filter>
    <Filter Include="Source Files\FileIO">
      <UniqueIdentifier>{9c26e567-e17a-4bf0-a793-10a1ec3a750e}</UniqueIdentifier>
    </Filter>
    <Filter Include="Source Files\GameObjects">
      <UniqueIdentifier>{9b76efc2-5981-47f0-8202-46e27ed4a9c4}</UniqueIdentifier>
    </Filter>
    <Filter Include="Source Files\Screens">
      <UniqueIdentifier>{43670867-2062-41f8-aebf-8c099c4e8335}</UniqueIdentifier>
    </Filter>
    <Filter Include="Source Files\Screens\Game">
      <UniqueIdentifier>{6b2b2005-071d-456f-b284-c0cb834a1105}</UniqueIdentifier>
    </Filter>
    <Filter Include="Source Files\Screens\Select">
      <UniqueIdentifier>{0748bdf8-616b-40f3-8d7b-dc49231a013f}</UniqueIdentifier>
    </Filter>
  </ItemGroup>
  <ItemGroup>
    <ClInclude Include="DevelopState.h">
      <Filter>Header Files\Engine</Filter>
    </ClInclude>
    <ClInclude Include="GameEngine.h">
      <Filter>Header Files\Engine</Filter>
    </ClInclude>
    <ClInclude Include="SoundEngine.h">
      <Filter>Header Files\Engine</Filter>
    </ClInclude>
    <ClInclude Include="ScreenManager.h">
      <Filter>Header Files\Engine</Filter>
    </ClInclude>
    <ClInclude Include="BitmapStore.h">
      <Filter>Header Files\Engine</Filter>
    </ClInclude>
    <ClInclude Include="ScreenManagerRemoteControl.h">
      <Filter>Header Files\Screens</Filter>
    </ClInclude>
    <ClInclude Include="Button.h">
      <Filter>Header Files\Screens</Filter>
    </ClInclude>
    <ClInclude Include="UIPanel.h">
      <Filter>Header Files\Screens</Filter>
    </ClInclude>
  </ItemGroup>
  <ItemGroup>
    <ClCompile Include="SpaceInvaders.cpp">
      <Filter>Source Files\Engine</Filter>
    </ClCompile>
    <ClCompile Include="GameEngine.cpp">
      <Filter>Source Files\Engine</Filter>
    </ClCompile>
    <ClCompile Include="SoundEngine.cpp">
      <Filter>Source Files\Engine</Filter>
    </ClCompile>
    <ClCompile Include="ScreenManager.cpp">
      <Filter>Source Files\Engine</Filter>
    </ClCompile>
    <ClCompile Include="BitmapStore.cpp">
      <Filter>Source Files\Engine</Filter>
    </ClCompile>
    <ClCompile Include="ScreenManagerRemoteControl.cpp">
      <Filter>Source Files\Screens</Filter>
    </ClCompile>
    <ClCompile Include="Button.cpp">
      <Filter>Source Files\Screens</Filter>
    </ClCompile>
    <ClCompile Include="UIPanel.cpp">
      <Filter>Source Files\Screens</Filter>
    </ClCompile>
  </ItemGroup>
</Project>